
Microsoft Visual Studio Solution File, Format Version 12.00
# Visual Studio Version 17
VisualStudioVersion = 17.2.32616.157
MinimumVisualStudioVersion = 10.0.40219.1
Project("{9A19103F-16F7-4668-BE54-9A1E7A4F7556}") = "CelsiusFahrenheitForms", "CelsiusFahrenheitForms\CelsiusFahrenheitForms.csproj", "{55E11F53-A6D6-4E96-BE6E-CD51EA4591FF}"
EndProject
Project("{9A19103F-16F7-4668-BE54-9A1E7A4F7556}") = "ColorSliderForms", "ColorSliderForms\ColorSliderForms.csproj", "{80F329EE-BB0B-4484-B0B3-5DEEC47F56AE}"
EndProject
Project("{9A19103F-16F7-4668-BE54-9A1E7A4F7556}") = "CSV to SQL", "CSV to SQL\CSV to SQL.csproj", "{ED003FF0-D78D-4E60-A97E-B3C16BDC2FE4}"
EndProject
Project("{FAE04EC0-301F-11D3-BF4B-00C04F79EFBC}") = "DarkMonokaiTheme", "DarkMonokaiTheme\DarkMonokaiTheme.csproj", "{8F915BE6-70EF-4AB5-BEE9-683F256EBB4B}"
EndProject
Project("{9A19103F-16F7-4668-BE54-9A1E7A4F7556}") = "Fancy Console Menu", "Fancy Console Menu\Fancy Console Menu.csproj", "{7747FB4E-8190-4C43-99B1-466C325DF00D}"
EndProject
Project("{9A19103F-16F7-4668-BE54-9A1E7A4F7556}") = "Geldautomat-Console", "Geldautomat-Console\Geldautomat-Console.csproj", "{E4775167-0DFD-4BB8-927A-0B68B6250446}"
EndProject
Project("{9A19103F-16F7-4668-BE54-9A1E7A4F7556}") = "Geldautomat-Console-SQL", "Geldautomat-Console-SQL\Geldautomat-Console-SQL.csproj", "{CE3CFED1-CCD5-41E6-8129-4222F7130AF2}"
EndProject
Project("{9A19103F-16F7-4668-BE54-9A1E7A4F7556}") = "Hangman-Console", "Hangman-Console\Hangman-Console.csproj", "{53BE824E-127C-435B-AF8E-1EBBDC7DF6F0}"
EndProject
Project("{9A19103F-16F7-4668-BE54-9A1E7A4F7556}") = "Json Loading Writing Console", "Json Loading Writing Console\Json Loading Writing Console.csproj", "{D37273EE-1980-4E49-B585-CF2E2EE32547}"
EndProject
Project("{9A19103F-16F7-4668-BE54-9A1E7A4F7556}") = "KaffeeAutomat-Console", "KaffeeAutomat-Console\KaffeeAutomat-Console.csproj", "{AEB22206-BE4C-47F2-A269-1C5168DB38AA}"
EndProject
Project("{9A19103F-16F7-4668-BE54-9A1E7A4F7556}") = "LoginMySqlForm", "LoginMySqlForm\LoginMySqlForm.csproj", "{BB60E345-669E-4861-8FFA-E1D2E8DE2747}"
EndProject
Project("{9A19103F-16F7-4668-BE54-9A1E7A4F7556}") = "Notizen Forms", "Notizen Forms\Notizen Forms.csproj", "{5DC7DFC5-54DD-4E6D-8817-03AD7DD225A7}"
EndProject
Project("{FAE04EC0-301F-11D3-BF4B-00C04F79EFBC}") = "Password Generator Forms", "Password Generator Forms\Password Generator Forms.csproj", "{0649B42E-4974-427F-AC6F-2E823547F698}"
EndProject
Project("{9A19103F-16F7-4668-BE54-9A1E7A4F7556}") = "Quiz-Forms", "Quiz-Forms\Quiz-Forms.csproj", "{44E10AC7-3862-4B47-925F-6870B9BE5785}"
EndProject
Project("{9A19103F-16F7-4668-BE54-9A1E7A4F7556}") = "SHA256Forms", "SHA256Forms\SHA256Forms.csproj", "{ACBE6B89-5C41-42C8-841C-537C71E0B3B6}"
EndProject
Project("{9A19103F-16F7-4668-BE54-9A1E7A4F7556}") = "Sort Form Demo", "Sort Form\Sort Form Demo.csproj", "{C50003DC-317C-4335-A237-5FCF45433C91}"
EndProject
Project("{9A19103F-16F7-4668-BE54-9A1E7A4F7556}") = "TicTacToeForms", "TicTacToeForms\TicTacToeForms.csproj", "{5BC3977C-5707-471F-89D3-D11CE69FD40C}"
EndProject
Project("{9A19103F-16F7-4668-BE54-9A1E7A4F7556}") = "UmwandlerForms", "UmwandlerForms\UmwandlerForms.csproj", "{E914490A-251D-4878-BECD-0AD4267B7DE1}"
EndProject
Project("{9A19103F-16F7-4668-BE54-9A1E7A4F7556}") = "MySQLLogin", "MySQLLogin\MySQLLogin.csproj", "{9BC512E3-E677-4CA5-8654-4DEF260B43A7}"
EndProject
Project("{9A19103F-16F7-4668-BE54-9A1E7A4F7556}") = "Unicode Escape Sequence Converter Console", "Unicode Escape Sequence Converter Console\Unicode Escape Sequence Converter Console.csproj", "{1D0C5A5A-7CA0-4DCB-9DD4-D5BA38C08415}"
EndProject
Project("{FAE04EC0-301F-11D3-BF4B-00C04F79EFBC}") = "WebScrapApi", "WebScrapApi\WebScrapApi.csproj", "{067D3946-AF14-4B50-8CF0-03C6C83F07A8}"
EndProject
Global
	GlobalSection(SolutionConfigurationPlatforms) = preSolution
		Debug|Any CPU = Debug|Any CPU
		Debug|x86 = Debug|x86
		Release|Any CPU = Release|Any CPU
		Release|x86 = Release|x86
	EndGlobalSection
	GlobalSection(ProjectConfigurationPlatforms) = postSolution
		{55E11F53-A6D6-4E96-BE6E-CD51EA4591FF}.Debug|Any CPU.ActiveCfg = Debug|Any CPU
		{55E11F53-A6D6-4E96-BE6E-CD51EA4591FF}.Debug|Any CPU.Build.0 = Debug|Any CPU
		{55E11F53-A6D6-4E96-BE6E-CD51EA4591FF}.Debug|x86.ActiveCfg = Debug|Any CPU
		{55E11F53-A6D6-4E96-BE6E-CD51EA4591FF}.Debug|x86.Build.0 = Debug|Any CPU
		{55E11F53-A6D6-4E96-BE6E-CD51EA4591FF}.Release|Any CPU.ActiveCfg = Release|Any CPU
		{55E11F53-A6D6-4E96-BE6E-CD51EA4591FF}.Release|Any CPU.Build.0 = Release|Any CPU
		{55E11F53-A6D6-4E96-BE6E-CD51EA4591FF}.Release|x86.ActiveCfg = Release|Any CPU
		{55E11F53-A6D6-4E96-BE6E-CD51EA4591FF}.Release|x86.Build.0 = Release|Any CPU
		{80F329EE-BB0B-4484-B0B3-5DEEC47F56AE}.Debug|Any CPU.ActiveCfg = Debug|Any CPU
		{80F329EE-BB0B-4484-B0B3-5DEEC47F56AE}.Debug|Any CPU.Build.0 = Debug|Any CPU
		{80F329EE-BB0B-4484-B0B3-5DEEC47F56AE}.Debug|x86.ActiveCfg = Debug|Any CPU
		{80F329EE-BB0B-4484-B0B3-5DEEC47F56AE}.Debug|x86.Build.0 = Debug|Any CPU
		{80F329EE-BB0B-4484-B0B3-5DEEC47F56AE}.Release|Any CPU.ActiveCfg = Release|Any CPU
		{80F329EE-BB0B-4484-B0B3-5DEEC47F56AE}.Release|Any CPU.Build.0 = Release|Any CPU
		{80F329EE-BB0B-4484-B0B3-5DEEC47F56AE}.Release|x86.ActiveCfg = Release|Any CPU
		{80F329EE-BB0B-4484-B0B3-5DEEC47F56AE}.Release|x86.Build.0 = Release|Any CPU
		{ED003FF0-D78D-4E60-A97E-B3C16BDC2FE4}.Debug|Any CPU.ActiveCfg = Debug|Any CPU
		{ED003FF0-D78D-4E60-A97E-B3C16BDC2FE4}.Debug|Any CPU.Build.0 = Debug|Any CPU
		{ED003FF0-D78D-4E60-A97E-B3C16BDC2FE4}.Debug|x86.ActiveCfg = Debug|Any CPU
		{ED003FF0-D78D-4E60-A97E-B3C16BDC2FE4}.Debug|x86.Build.0 = Debug|Any CPU
		{ED003FF0-D78D-4E60-A97E-B3C16BDC2FE4}.Release|Any CPU.ActiveCfg = Release|Any CPU
		{ED003FF0-D78D-4E60-A97E-B3C16BDC2FE4}.Release|Any CPU.Build.0 = Release|Any CPU
		{ED003FF0-D78D-4E60-A97E-B3C16BDC2FE4}.Release|x86.ActiveCfg = Release|Any CPU
		{ED003FF0-D78D-4E60-A97E-B3C16BDC2FE4}.Release|x86.Build.0 = Release|Any CPU
		{8F915BE6-70EF-4AB5-BEE9-683F256EBB4B}.Debug|Any CPU.ActiveCfg = Debug|Any CPU
		{8F915BE6-70EF-4AB5-BEE9-683F256EBB4B}.Debug|Any CPU.Build.0 = Debug|Any CPU
		{8F915BE6-70EF-4AB5-BEE9-683F256EBB4B}.Debug|x86.ActiveCfg = Debug|x86
		{8F915BE6-70EF-4AB5-BEE9-683F256EBB4B}.Debug|x86.Build.0 = Debug|x86
		{8F915BE6-70EF-4AB5-BEE9-683F256EBB4B}.Release|Any CPU.ActiveCfg = Release|Any CPU
		{8F915BE6-70EF-4AB5-BEE9-683F256EBB4B}.Release|Any CPU.Build.0 = Release|Any CPU
		{8F915BE6-70EF-4AB5-BEE9-683F256EBB4B}.Release|x86.ActiveCfg = Release|x86
		{8F915BE6-70EF-4AB5-BEE9-683F256EBB4B}.Release|x86.Build.0 = Release|x86
		{7747FB4E-8190-4C43-99B1-466C325DF00D}.Debug|Any CPU.ActiveCfg = Debug|Any CPU
		{7747FB4E-8190-4C43-99B1-466C325DF00D}.Debug|Any CPU.Build.0 = Debug|Any CPU
		{7747FB4E-8190-4C43-99B1-466C325DF00D}.Debug|x86.ActiveCfg = Debug|Any CPU
		{7747FB4E-8190-4C43-99B1-466C325DF00D}.Debug|x86.Build.0 = Debug|Any CPU
		{7747FB4E-8190-4C43-99B1-466C325DF00D}.Release|Any CPU.ActiveCfg = Release|Any CPU
		{7747FB4E-8190-4C43-99B1-466C325DF00D}.Release|Any CPU.Build.0 = Release|Any CPU
		{7747FB4E-8190-4C43-99B1-466C325DF00D}.Release|x86.ActiveCfg = Release|Any CPU
		{7747FB4E-8190-4C43-99B1-466C325DF00D}.Release|x86.Build.0 = Release|Any CPU
		{E4775167-0DFD-4BB8-927A-0B68B6250446}.Debug|Any CPU.ActiveCfg = Debug|Any CPU
		{E4775167-0DFD-4BB8-927A-0B68B6250446}.Debug|Any CPU.Build.0 = Debug|Any CPU
		{E4775167-0DFD-4BB8-927A-0B68B6250446}.Debug|x86.ActiveCfg = Debug|Any CPU
		{E4775167-0DFD-4BB8-927A-0B68B6250446}.Debug|x86.Build.0 = Debug|Any CPU
		{E4775167-0DFD-4BB8-927A-0B68B6250446}.Release|Any CPU.ActiveCfg = Release|Any CPU
		{E4775167-0DFD-4BB8-927A-0B68B6250446}.Release|Any CPU.Build.0 = Release|Any CPU
		{E4775167-0DFD-4BB8-927A-0B68B6250446}.Release|x86.ActiveCfg = Release|Any CPU
		{E4775167-0DFD-4BB8-927A-0B68B6250446}.Release|x86.Build.0 = Release|Any CPU
		{CE3CFED1-CCD5-41E6-8129-4222F7130AF2}.Debug|Any CPU.ActiveCfg = Debug|Any CPU
		{CE3CFED1-CCD5-41E6-8129-4222F7130AF2}.Debug|Any CPU.Build.0 = Debug|Any CPU
		{CE3CFED1-CCD5-41E6-8129-4222F7130AF2}.Debug|x86.ActiveCfg = Debug|Any CPU
		{CE3CFED1-CCD5-41E6-8129-4222F7130AF2}.Debug|x86.Build.0 = Debug|Any CPU
		{CE3CFED1-CCD5-41E6-8129-4222F7130AF2}.Release|Any CPU.ActiveCfg = Release|Any CPU
		{CE3CFED1-CCD5-41E6-8129-4222F7130AF2}.Release|Any CPU.Build.0 = Release|Any CPU
		{CE3CFED1-CCD5-41E6-8129-4222F7130AF2}.Release|x86.ActiveCfg = Release|Any CPU
		{CE3CFED1-CCD5-41E6-8129-4222F7130AF2}.Release|x86.Build.0 = Release|Any CPU
		{53BE824E-127C-435B-AF8E-1EBBDC7DF6F0}.Debug|Any CPU.ActiveCfg = Debug|Any CPU
		{53BE824E-127C-435B-AF8E-1EBBDC7DF6F0}.Debug|Any CPU.Build.0 = Debug|Any CPU
		{53BE824E-127C-435B-AF8E-1EBBDC7DF6F0}.Debug|x86.ActiveCfg = Debug|Any CPU
		{53BE824E-127C-435B-AF8E-1EBBDC7DF6F0}.Debug|x86.Build.0 = Debug|Any CPU
		{53BE824E-127C-435B-AF8E-1EBBDC7DF6F0}.Release|Any CPU.ActiveCfg = Release|Any CPU
		{53BE824E-127C-435B-AF8E-1EBBDC7DF6F0}.Release|Any CPU.Build.0 = Release|Any CPU
		{53BE824E-127C-435B-AF8E-1EBBDC7DF6F0}.Release|x86.ActiveCfg = Release|Any CPU
		{53BE824E-127C-435B-AF8E-1EBBDC7DF6F0}.Release|x86.Build.0 = Release|Any CPU
		{D37273EE-1980-4E49-B585-CF2E2EE32547}.Debug|Any CPU.ActiveCfg = Debug|Any CPU
		{D37273EE-1980-4E49-B585-CF2E2EE32547}.Debug|Any CPU.Build.0 = Debug|Any CPU
		{D37273EE-1980-4E49-B585-CF2E2EE32547}.Debug|x86.ActiveCfg = Debug|Any CPU
		{D37273EE-1980-4E49-B585-CF2E2EE32547}.Debug|x86.Build.0 = Debug|Any CPU
		{D37273EE-1980-4E49-B585-CF2E2EE32547}.Release|Any CPU.ActiveCfg = Release|Any CPU
		{D37273EE-1980-4E49-B585-CF2E2EE32547}.Release|Any CPU.Build.0 = Release|Any CPU
		{D37273EE-1980-4E49-B585-CF2E2EE32547}.Release|x86.ActiveCfg = Release|Any CPU
		{D37273EE-1980-4E49-B585-CF2E2EE32547}.Release|x86.Build.0 = Release|Any CPU
		{AEB22206-BE4C-47F2-A269-1C5168DB38AA}.Debug|Any CPU.ActiveCfg = Debug|Any CPU
		{AEB22206-BE4C-47F2-A269-1C5168DB38AA}.Debug|Any CPU.Build.0 = Debug|Any CPU
		{AEB22206-BE4C-47F2-A269-1C5168DB38AA}.Debug|x86.ActiveCfg = Debug|Any CPU
		{AEB22206-BE4C-47F2-A269-1C5168DB38AA}.Debug|x86.Build.0 = Debug|Any CPU
		{AEB22206-BE4C-47F2-A269-1C5168DB38AA}.Release|Any CPU.ActiveCfg = Release|Any CPU
		{AEB22206-BE4C-47F2-A269-1C5168DB38AA}.Release|Any CPU.Build.0 = Release|Any CPU
		{AEB22206-BE4C-47F2-A269-1C5168DB38AA}.Release|x86.ActiveCfg = Release|Any CPU
		{AEB22206-BE4C-47F2-A269-1C5168DB38AA}.Release|x86.Build.0 = Release|Any CPU
		{BB60E345-669E-4861-8FFA-E1D2E8DE2747}.Debug|Any CPU.ActiveCfg = Debug|Any CPU
		{BB60E345-669E-4861-8FFA-E1D2E8DE2747}.Debug|Any CPU.Build.0 = Debug|Any CPU
		{BB60E345-669E-4861-8FFA-E1D2E8DE2747}.Debug|x86.ActiveCfg = Debug|Any CPU
		{BB60E345-669E-4861-8FFA-E1D2E8DE2747}.Debug|x86.Build.0 = Debug|Any CPU
		{BB60E345-669E-4861-8FFA-E1D2E8DE2747}.Release|Any CPU.ActiveCfg = Release|Any CPU
		{BB60E345-669E-4861-8FFA-E1D2E8DE2747}.Release|Any CPU.Build.0 = Release|Any CPU
		{BB60E345-669E-4861-8FFA-E1D2E8DE2747}.Release|x86.ActiveCfg = Release|Any CPU
		{BB60E345-669E-4861-8FFA-E1D2E8DE2747}.Release|x86.Build.0 = Release|Any CPU
		{5DC7DFC5-54DD-4E6D-8817-03AD7DD225A7}.Debug|Any CPU.ActiveCfg = Debug|Any CPU
		{5DC7DFC5-54DD-4E6D-8817-03AD7DD225A7}.Debug|Any CPU.Build.0 = Debug|Any CPU
		{5DC7DFC5-54DD-4E6D-8817-03AD7DD225A7}.Debug|x86.ActiveCfg = Debug|Any CPU
		{5DC7DFC5-54DD-4E6D-8817-03AD7DD225A7}.Debug|x86.Build.0 = Debug|Any CPU
		{5DC7DFC5-54DD-4E6D-8817-03AD7DD225A7}.Release|Any CPU.ActiveCfg = Release|Any CPU
		{5DC7DFC5-54DD-4E6D-8817-03AD7DD225A7}.Release|Any CPU.Build.0 = Release|Any CPU
		{5DC7DFC5-54DD-4E6D-8817-03AD7DD225A7}.Release|x86.ActiveCfg = Release|Any CPU
		{5DC7DFC5-54DD-4E6D-8817-03AD7DD225A7}.Release|x86.Build.0 = Release|Any CPU
		{0649B42E-4974-427F-AC6F-2E823547F698}.Debug|Any CPU.ActiveCfg = Debug|Any CPU
		{0649B42E-4974-427F-AC6F-2E823547F698}.Debug|Any CPU.Build.0 = Debug|Any CPU
		{0649B42E-4974-427F-AC6F-2E823547F698}.Debug|x86.ActiveCfg = Debug|Any CPU
		{0649B42E-4974-427F-AC6F-2E823547F698}.Debug|x86.Build.0 = Debug|Any CPU
		{0649B42E-4974-427F-AC6F-2E823547F698}.Release|Any CPU.ActiveCfg = Release|Any CPU
		{0649B42E-4974-427F-AC6F-2E823547F698}.Release|Any CPU.Build.0 = Release|Any CPU
		{0649B42E-4974-427F-AC6F-2E823547F698}.Release|x86.ActiveCfg = Release|Any CPU
		{0649B42E-4974-427F-AC6F-2E823547F698}.Release|x86.Build.0 = Release|Any CPU
		{44E10AC7-3862-4B47-925F-6870B9BE5785}.Debug|Any CPU.ActiveCfg = Debug|Any CPU
		{44E10AC7-3862-4B47-925F-6870B9BE5785}.Debug|Any CPU.Build.0 = Debug|Any CPU
		{44E10AC7-3862-4B47-925F-6870B9BE5785}.Debug|x86.ActiveCfg = Debug|Any CPU
		{44E10AC7-3862-4B47-925F-6870B9BE5785}.Debug|x86.Build.0 = Debug|Any CPU
		{44E10AC7-3862-4B47-925F-6870B9BE5785}.Release|Any CPU.ActiveCfg = Release|Any CPU
		{44E10AC7-3862-4B47-925F-6870B9BE5785}.Release|Any CPU.Build.0 = Release|Any CPU
		{44E10AC7-3862-4B47-925F-6870B9BE5785}.Release|x86.ActiveCfg = Release|Any CPU
		{44E10AC7-3862-4B47-925F-6870B9BE5785}.Release|x86.Build.0 = Release|Any CPU
		{ACBE6B89-5C41-42C8-841C-537C71E0B3B6}.Debug|Any CPU.ActiveCfg = Debug|Any CPU
		{ACBE6B89-5C41-42C8-841C-537C71E0B3B6}.Debug|Any CPU.Build.0 = Debug|Any CPU
		{ACBE6B89-5C41-42C8-841C-537C71E0B3B6}.Debug|x86.ActiveCfg = Debug|Any CPU
		{ACBE6B89-5C41-42C8-841C-537C71E0B3B6}.Debug|x86.Build.0 = Debug|Any CPU
		{ACBE6B89-5C41-42C8-841C-537C71E0B3B6}.Release|Any CPU.ActiveCfg = Release|Any CPU
		{ACBE6B89-5C41-42C8-841C-537C71E0B3B6}.Release|Any CPU.Build.0 = Release|Any CPU
		{ACBE6B89-5C41-42C8-841C-537C71E0B3B6}.Release|x86.ActiveCfg = Release|Any CPU
		{ACBE6B89-5C41-42C8-841C-537C71E0B3B6}.Release|x86.Build.0 = Release|Any CPU
		{C50003DC-317C-4335-A237-5FCF45433C91}.Debug|Any CPU.ActiveCfg = Debug|Any CPU
		{C50003DC-317C-4335-A237-5FCF45433C91}.Debug|Any CPU.Build.0 = Debug|Any CPU
		{C50003DC-317C-4335-A237-5FCF45433C91}.Debug|x86.ActiveCfg = Debug|Any CPU
		{C50003DC-317C-4335-A237-5FCF45433C91}.Debug|x86.Build.0 = Debug|Any CPU
		{C50003DC-317C-4335-A237-5FCF45433C91}.Release|Any CPU.ActiveCfg = Release|Any CPU
		{C50003DC-317C-4335-A237-5FCF45433C91}.Release|Any CPU.Build.0 = Release|Any CPU
		{C50003DC-317C-4335-A237-5FCF45433C91}.Release|x86.ActiveCfg = Release|Any CPU
		{C50003DC-317C-4335-A237-5FCF45433C91}.Release|x86.Build.0 = Release|Any CPU
		{5BC3977C-5707-471F-89D3-D11CE69FD40C}.Debug|Any CPU.ActiveCfg = Debug|Any CPU
		{5BC3977C-5707-471F-89D3-D11CE69FD40C}.Debug|Any CPU.Build.0 = Debug|Any CPU
		{5BC3977C-5707-471F-89D3-D11CE69FD40C}.Debug|x86.ActiveCfg = Debug|Any CPU
		{5BC3977C-5707-471F-89D3-D11CE69FD40C}.Debug|x86.Build.0 = Debug|Any CPU
		{5BC3977C-5707-471F-89D3-D11CE69FD40C}.Release|Any CPU.ActiveCfg = Release|Any CPU
		{5BC3977C-5707-471F-89D3-D11CE69FD40C}.Release|Any CPU.Build.0 = Release|Any CPU
		{5BC3977C-5707-471F-89D3-D11CE69FD40C}.Release|x86.ActiveCfg = Release|Any CPU
		{5BC3977C-5707-471F-89D3-D11CE69FD40C}.Release|x86.Build.0 = Release|Any CPU
		{E914490A-251D-4878-BECD-0AD4267B7DE1}.Debug|Any CPU.ActiveCfg = Debug|Any CPU
		{E914490A-251D-4878-BECD-0AD4267B7DE1}.Debug|Any CPU.Build.0 = Debug|Any CPU
		{E914490A-251D-4878-BECD-0AD4267B7DE1}.Debug|x86.ActiveCfg = Debug|Any CPU
		{E914490A-251D-4878-BECD-0AD4267B7DE1}.Debug|x86.Build.0 = Debug|Any CPU
		{E914490A-251D-4878-BECD-0AD4267B7DE1}.Release|Any CPU.ActiveCfg = Release|Any CPU
		{E914490A-251D-4878-BECD-0AD4267B7DE1}.Release|Any CPU.Build.0 = Release|Any CPU
		{E914490A-251D-4878-BECD-0AD4267B7DE1}.Release|x86.ActiveCfg = Release|Any CPU
		{E914490A-251D-4878-BECD-0AD4267B7DE1}.Release|x86.Build.0 = Release|Any CPU
		{9BC512E3-E677-4CA5-8654-4DEF260B43A7}.Debug|Any CPU.ActiveCfg = Debug|Any CPU
		{9BC512E3-E677-4CA5-8654-4DEF260B43A7}.Debug|Any CPU.Build.0 = Debug|Any CPU
		{9BC512E3-E677-4CA5-8654-4DEF260B43A7}.Debug|x86.ActiveCfg = Debug|Any CPU
		{9BC512E3-E677-4CA5-8654-4DEF260B43A7}.Debug|x86.Build.0 = Debug|Any CPU
		{9BC512E3-E677-4CA5-8654-4DEF260B43A7}.Release|Any CPU.ActiveCfg = Release|Any CPU
		{9BC512E3-E677-4CA5-8654-4DEF260B43A7}.Release|Any CPU.Build.0 = Release|Any CPU
		{9BC512E3-E677-4CA5-8654-4DEF260B43A7}.Release|x86.ActiveCfg = Release|Any CPU
		{9BC512E3-E677-4CA5-8654-4DEF260B43A7}.Release|x86.Build.0 = Release|Any CPU
		{1D0C5A5A-7CA0-4DCB-9DD4-D5BA38C08415}.Debug|Any CPU.ActiveCfg = Debug|Any CPU
		{1D0C5A5A-7CA0-4DCB-9DD4-D5BA38C08415}.Debug|Any CPU.Build.0 = Debug|Any CPU
		{1D0C5A5A-7CA0-4DCB-9DD4-D5BA38C08415}.Debug|x86.ActiveCfg = Debug|Any CPU
		{1D0C5A5A-7CA0-4DCB-9DD4-D5BA38C08415}.Debug|x86.Build.0 = Debug|Any CPU
		{1D0C5A5A-7CA0-4DCB-9DD4-D5BA38C08415}.Release|Any CPU.ActiveCfg = Release|Any CPU
		{1D0C5A5A-7CA0-4DCB-9DD4-D5BA38C08415}.Release|Any CPU.Build.0 = Release|Any CPU
		{1D0C5A5A-7CA0-4DCB-9DD4-D5BA38C08415}.Release|x86.ActiveCfg = Release|Any CPU
		{1D0C5A5A-7CA0-4DCB-9DD4-D5BA38C08415}.Release|x86.Build.0 = Release|Any CPU
		{067D3946-AF14-4B50-8CF0-03C6C83F07A8}.Debug|Any CPU.ActiveCfg = Debug|Any CPU
		{067D3946-AF14-4B50-8CF0-03C6C83F07A8}.Debug|Any CPU.Build.0 = Debug|Any CPU
		{067D3946-AF14-4B50-8CF0-03C6C83F07A8}.Debug|x86.ActiveCfg = Debug|Any CPU
		{067D3946-AF14-4B50-8CF0-03C6C83F07A8}.Debug|x86.Build.0 = Debug|Any CPU
		{067D3946-AF14-4B50-8CF0-03C6C83F07A8}.Release|Any CPU.ActiveCfg = Release|Any CPU
		{067D3946-AF14-4B50-8CF0-03C6C83F07A8}.Release|Any CPU.Build.0 = Release|Any CPU
		{067D3946-AF14-4B50-8CF0-03C6C83F07A8}.Release|x86.ActiveCfg = Release|Any CPU
		{067D3946-AF14-4B50-8CF0-03C6C83F07A8}.Release|x86.Build.0 = Release|Any CPU
	EndGlobalSection
	GlobalSection(SolutionProperties) = preSolution
		HideSolutionNode = FALSE
	EndGlobalSection
	GlobalSection(ExtensibilityGlobals) = postSolution
		SolutionGuid = {CBE042F3-9145-4B31-880A-F1458FC05E5F}
	EndGlobalSection
EndGlobal
